
Microsoft Visual Studio Solution File, Format Version 12.00
# Visual Studio Version 17
VisualStudioVersion = 17.14.36623.8 d17.14
MinimumVisualStudioVersion = 10.0.40219.1
Project("{FAE04EC0-301F-11D3-BF4B-00C04F79EFBC}") = "Calorie", "Calorie.csproj", "{71E9A8FD-9AD0-4DAF-8817-CA5876787E6F}"
EndProject
Global
	GlobalSection(SolutionConfigurationPlatforms) = preSolution
		Debug|Any CPU = Debug|Any CPU
		Release|Any CPU = Release|Any CPU
	EndGlobalSection
	GlobalSection(ProjectConfigurationPlatforms) = postSolution
		{71E9A8FD-9AD0-4DAF-8817-CA5876787E6F}.Debug|Any CPU.ActiveCfg = Debug|Any CPU
		{71E9A8FD-9AD0-4DAF-8817-CA5876787E6F}.Debug|Any CPU.Build.0 = Debug|Any CPU
		{71E9A8FD-9AD0-4DAF-8817-CA5876787E6F}.Release|Any CPU.ActiveCfg = Release|Any CPU
		{71E9A8FD-9AD0-4DAF-8817-CA5876787E6F}.Release|Any CPU.Build.0 = Release|Any CPU
	EndGlobalSection
	GlobalSection(SolutionProperties) = preSolution
		HideSolutionNode = FALSE
	EndGlobalSection
	GlobalSection(ExtensibilityGlobals) = postSolution
		SolutionGuid = {732E8755-20D7-413C-A545-07B895FA17C8}
	EndGlobalSection
EndGlobal
